
Microsoft Visual Studio Solution File, Format Version 12.00
# Visual Studio Version 17
VisualStudioVersion = 17.7.34024.191
MinimumVisualStudioVersion = 10.0.40219.1
Project("{2150E333-8FDC-42A3-9474-1A3956D46DE8}") = "Bank", "Bank", "{334E8FF7-A0E2-49A6-B1B8-3EEE13AFC3EA}"
EndProject
Project("{2150E333-8FDC-42A3-9474-1A3956D46DE8}") = "Order", "Order", "{833B74AA-2B96-437B-8A4C-416956B8A54C}"
EndProject
Project("{2150E333-8FDC-42A3-9474-1A3956D46DE8}") = "src", "src", "{9B418AF3-8ED0-488A-A8DE-BEE5EA4415C1}"
EndProject
Project("{FAE04EC0-301F-11D3-BF4B-00C04F79EFBC}") = "Bank.Application", "Bank.Application\Bank.Application.csproj", "{A5161B6E-4C95-42E8-9B78-0A66057092E6}"
EndProject
Project("{FAE04EC0-301F-11D3-BF4B-00C04F79EFBC}") = "Bank.Domain", "Bank.Domain\Bank.Domain.csproj", "{7956BE60-1F79-4971-8E91-94EC9481F7F4}"
EndProject
Project("{FAE04EC0-301F-11D3-BF4B-00C04F79EFBC}") = "Bank.Infra", "Bank.Infra\Bank.Infra.csproj", "{AB6F80B9-A419-492F-928B-3AC96332A7AD}"
EndProject
Project("{FAE04EC0-301F-11D3-BF4B-00C04F79EFBC}") = "Order.Infra", "Order.Infra\Order.Infra.csproj", "{2D957EAF-4511-4C05-B97D-D8770D2A501D}"
EndProject
Project("{FAE04EC0-301F-11D3-BF4B-00C04F79EFBC}") = "Order.Domain", "Order.Domain\Order.Domain.csproj", "{F2D7DA52-19B1-4FA3-90B0-C8E25AAEAE58}"
EndProject
Project("{FAE04EC0-301F-11D3-BF4B-00C04F79EFBC}") = "Order.Application", "Order.Application\Order.Application.csproj", "{2A1AA983-393E-4FC5-BB53-9360B8C3A04C}"
EndProject
Global
	GlobalSection(SolutionConfigurationPlatforms) = preSolution
		Debug|Any CPU = Debug|Any CPU
		Release|Any CPU = Release|Any CPU
	EndGlobalSection
	GlobalSection(ProjectConfigurationPlatforms) = postSolution
		{A5161B6E-4C95-42E8-9B78-0A66057092E6}.Debug|Any CPU.ActiveCfg = Debug|Any CPU
		{A5161B6E-4C95-42E8-9B78-0A66057092E6}.Debug|Any CPU.Build.0 = Debug|Any CPU
		{A5161B6E-4C95-42E8-9B78-0A66057092E6}.Release|Any CPU.ActiveCfg = Release|Any CPU
		{A5161B6E-4C95-42E8-9B78-0A66057092E6}.Release|Any CPU.Build.0 = Release|Any CPU
		{7956BE60-1F79-4971-8E91-94EC9481F7F4}.Debug|Any CPU.ActiveCfg = Debug|Any CPU
		{7956BE60-1F79-4971-8E91-94EC9481F7F4}.Debug|Any CPU.Build.0 = Debug|Any CPU
		{7956BE60-1F79-4971-8E91-94EC9481F7F4}.Release|Any CPU.ActiveCfg = Release|Any CPU
		{7956BE60-1F79-4971-8E91-94EC9481F7F4}.Release|Any CPU.Build.0 = Release|Any CPU
		{AB6F80B9-A419-492F-928B-3AC96332A7AD}.Debug|Any CPU.ActiveCfg = Debug|Any CPU
		{AB6F80B9-A419-492F-928B-3AC96332A7AD}.Debug|Any CPU.Build.0 = Debug|Any CPU
		{AB6F80B9-A419-492F-928B-3AC96332A7AD}.Release|Any CPU.ActiveCfg = Release|Any CPU
		{AB6F80B9-A419-492F-928B-3AC96332A7AD}.Release|Any CPU.Build.0 = Release|Any CPU
		{2D957EAF-4511-4C05-B97D-D8770D2A501D}.Debug|Any CPU.ActiveCfg = Debug|Any CPU
		{2D957EAF-4511-4C05-B97D-D8770D2A501D}.Debug|Any CPU.Build.0 = Debug|Any CPU
		{2D957EAF-4511-4C05-B97D-D8770D2A501D}.Release|Any CPU.ActiveCfg = Release|Any CPU
		{2D957EAF-4511-4C05-B97D-D8770D2A501D}.Release|Any CPU.Build.0 = Release|Any CPU
		{F2D7DA52-19B1-4FA3-90B0-C8E25AAEAE58}.Debug|Any CPU.ActiveCfg = Debug|Any CPU
		{F2D7DA52-19B1-4FA3-90B0-C8E25AAEAE58}.Debug|Any CPU.Build.0 = Debug|Any CPU
		{F2D7DA52-19B1-4FA3-90B0-C8E25AAEAE58}.Release|Any CPU.ActiveCfg = Release|Any CPU
		{F2D7DA52-19B1-4FA3-90B0-C8E25AAEAE58}.Release|Any CPU.Build.0 = Release|Any CPU
		{2A1AA983-393E-4FC5-BB53-9360B8C3A04C}.Debug|Any CPU.ActiveCfg = Debug|Any CPU
		{2A1AA983-393E-4FC5-BB53-9360B8C3A04C}.Debug|Any CPU.Build.0 = Debug|Any CPU
		{2A1AA983-393E-4FC5-BB53-9360B8C3A04C}.Release|Any CPU.ActiveCfg = Release|Any CPU
		{2A1AA983-393E-4FC5-BB53-9360B8C3A04C}.Release|Any CPU.Build.0 = Release|Any CPU
	EndGlobalSection
	GlobalSection(SolutionProperties) = preSolution
		HideSolutionNode = FALSE
	EndGlobalSection
	GlobalSection(NestedProjects) = preSolution
		{334E8FF7-A0E2-49A6-B1B8-3EEE13AFC3EA} = {9B418AF3-8ED0-488A-A8DE-BEE5EA4415C1}
		{833B74AA-2B96-437B-8A4C-416956B8A54C} = {9B418AF3-8ED0-488A-A8DE-BEE5EA4415C1}
		{A5161B6E-4C95-42E8-9B78-0A66057092E6} = {334E8FF7-A0E2-49A6-B1B8-3EEE13AFC3EA}
		{7956BE60-1F79-4971-8E91-94EC9481F7F4} = {334E8FF7-A0E2-49A6-B1B8-3EEE13AFC3EA}
		{AB6F80B9-A419-492F-928B-3AC96332A7AD} = {334E8FF7-A0E2-49A6-B1B8-3EEE13AFC3EA}
		{2D957EAF-4511-4C05-B97D-D8770D2A501D} = {833B74AA-2B96-437B-8A4C-416956B8A54C}
		{F2D7DA52-19B1-4FA3-90B0-C8E25AAEAE58} = {833B74AA-2B96-437B-8A4C-416956B8A54C}
		{2A1AA983-393E-4FC5-BB53-9360B8C3A04C} = {833B74AA-2B96-437B-8A4C-416956B8A54C}
	EndGlobalSection
	GlobalSection(ExtensibilityGlobals) = postSolution
		SolutionGuid = {B45097FF-CAA7-4DCD-AB08-510DBF9183DB}
	EndGlobalSection
EndGlobal
